
Microsoft Visual Studio Solution File, Format Version 12.00
# Visual Studio 15
VisualStudioVersion = 15.0.27130.2024
MinimumVisualStudioVersion = 10.0.40219.1
Project("{FAE04EC0-301F-11D3-BF4B-00C04F79EFBC}") = "DeepdiveTranslationWeb", "DeepdiveTranslationWeb\DeepdiveTranslationWeb.csproj", "{58778920-156D-432A-99DD-666B097FD45F}"
EndProject
Global
	GlobalSection(SolutionConfigurationPlatforms) = preSolution
		Debug|Any CPU = Debug|Any CPU
		Release|Any CPU = Release|Any CPU
	EndGlobalSection
	GlobalSection(ProjectConfigurationPlatforms) = postSolution
		{58778920-156D-432A-99DD-666B097FD45F}.Debug|Any CPU.ActiveCfg = Debug|Any CPU
		{58778920-156D-432A-99DD-666B097FD45F}.Debug|Any CPU.Build.0 = Debug|Any CPU
		{58778920-156D-432A-99DD-666B097FD45F}.Release|Any CPU.ActiveCfg = Release|Any CPU
		{58778920-156D-432A-99DD-666B097FD45F}.Release|Any CPU.Build.0 = Release|Any CPU
	EndGlobalSection
	GlobalSection(SolutionProperties) = preSolution
		HideSolutionNode = FALSE
	EndGlobalSection
	GlobalSection(ExtensibilityGlobals) = postSolution
		SolutionGuid = {22A1A6FF-D947-4320-B026-A5A57550A1CA}
	EndGlobalSection
EndGlobal
